
Microsoft Visual Studio Solution File, Format Version 12.00
# Visual Studio 15
VisualStudioVersion = 15.0.26228.4
MinimumVisualStudioVersion = 10.0.40219.1
Project("{2150E333-8FDC-42A3-9474-1A3956D46DE8}") = "Tests", "Tests", "{C3A61AED-283C-4D92-A681-4F863FA00608}"
EndProject
Project("{9A19103F-16F7-4668-BE54-9A1E7A4F7556}") = "StarWars.Api", "StarWars.Api\StarWars.Api.csproj", "{0183C877-D6B4-40EB-885D-A1C7A015D6BD}"
EndProject
Project("{9A19103F-16F7-4668-BE54-9A1E7A4F7556}") = "StarWars.Core", "StarWars.Core\StarWars.Core.csproj", "{EA6D3CD1-EBC1-48CD-87B9-D99BA5B44DB3}"
EndProject
Project("{9A19103F-16F7-4668-BE54-9A1E7A4F7556}") = "StarWars.Data", "StarWars.Data\StarWars.Data.csproj", "{BC1A2C89-3BF6-4D41-A885-414BA5C33BDA}"
EndProject
Project("{9A19103F-16F7-4668-BE54-9A1E7A4F7556}") = "StarWars.Tests.Unit", "Tests\StarWars.Tests.Unit\StarWars.Tests.Unit.csproj", "{D387076C-3911-4320-82D7-958A70295DA3}"
EndProject
Project("{9A19103F-16F7-4668-BE54-9A1E7A4F7556}") = "StarWars.Tests.Integration", "Tests\StarWars.Tests.Integration\StarWars.Tests.Integration.csproj", "{27787982-CBAE-4A79-BB48-E12C5ECD189D}"
EndProject
Global
	GlobalSection(SolutionConfigurationPlatforms) = preSolution
		Debug|Any CPU = Debug|Any CPU
		Debug|x64 = Debug|x64
		Debug|x86 = Debug|x86
		Release|Any CPU = Release|Any CPU
		Release|x64 = Release|x64
		Release|x86 = Release|x86
	EndGlobalSection
	GlobalSection(ProjectConfigurationPlatforms) = postSolution
		{0183C877-D6B4-40EB-885D-A1C7A015D6BD}.Debug|Any CPU.ActiveCfg = Debug|Any CPU
		{0183C877-D6B4-40EB-885D-A1C7A015D6BD}.Debug|Any CPU.Build.0 = Debug|Any CPU
		{0183C877-D6B4-40EB-885D-A1C7A015D6BD}.Debug|x64.ActiveCfg = Debug|Any CPU
		{0183C877-D6B4-40EB-885D-A1C7A015D6BD}.Debug|x64.Build.0 = Debug|Any CPU
		{0183C877-D6B4-40EB-885D-A1C7A015D6BD}.Debug|x86.ActiveCfg = Debug|Any CPU
		{0183C877-D6B4-40EB-885D-A1C7A015D6BD}.Debug|x86.Build.0 = Debug|Any CPU
		{0183C877-D6B4-40EB-885D-A1C7A015D6BD}.Release|Any CPU.ActiveCfg = Release|Any CPU
		{0183C877-D6B4-40EB-885D-A1C7A015D6BD}.Release|Any CPU.Build.0 = Release|Any CPU
		{0183C877-D6B4-40EB-885D-A1C7A015D6BD}.Release|x64.ActiveCfg = Release|Any CPU
		{0183C877-D6B4-40EB-885D-A1C7A015D6BD}.Release|x64.Build.0 = Release|Any CPU
		{0183C877-D6B4-40EB-885D-A1C7A015D6BD}.Release|x86.ActiveCfg = Release|Any CPU
		{0183C877-D6B4-40EB-885D-A1C7A015D6BD}.Release|x86.Build.0 = Release|Any CPU
		{EA6D3CD1-EBC1-48CD-87B9-D99BA5B44DB3}.Debug|Any CPU.ActiveCfg = Debug|Any CPU
		{EA6D3CD1-EBC1-48CD-87B9-D99BA5B44DB3}.Debug|Any CPU.Build.0 = Debug|Any CPU
		{EA6D3CD1-EBC1-48CD-87B9-D99BA5B44DB3}.Debug|x64.ActiveCfg = Debug|Any CPU
		{EA6D3CD1-EBC1-48CD-87B9-D99BA5B44DB3}.Debug|x64.Build.0 = Debug|Any CPU
		{EA6D3CD1-EBC1-48CD-87B9-D99BA5B44DB3}.Debug|x86.ActiveCfg = Debug|Any CPU
		{EA6D3CD1-EBC1-48CD-87B9-D99BA5B44DB3}.Debug|x86.Build.0 = Debug|Any CPU
		{EA6D3CD1-EBC1-48CD-87B9-D99BA5B44DB3}.Release|Any CPU.ActiveCfg = Release|Any CPU
		{EA6D3CD1-EBC1-48CD-87B9-D99BA5B44DB3}.Release|Any CPU.Build.0 = Release|Any CPU
		{EA6D3CD1-EBC1-48CD-87B9-D99BA5B44DB3}.Release|x64.ActiveCfg = Release|Any CPU
		{EA6D3CD1-EBC1-48CD-87B9-D99BA5B44DB3}.Release|x64.Build.0 = Release|Any CPU
		{EA6D3CD1-EBC1-48CD-87B9-D99BA5B44DB3}.Release|x86.ActiveCfg = Release|Any CPU
		{EA6D3CD1-EBC1-48CD-87B9-D99BA5B44DB3}.Release|x86.Build.0 = Release|Any CPU
		{BC1A2C89-3BF6-4D41-A885-414BA5C33BDA}.Debug|Any CPU.ActiveCfg = Debug|Any CPU
		{BC1A2C89-3BF6-4D41-A885-414BA5C33BDA}.Debug|Any CPU.Build.0 = Debug|Any CPU
		{BC1A2C89-3BF6-4D41-A885-414BA5C33BDA}.Debug|x64.ActiveCfg = Debug|Any CPU
		{BC1A2C89-3BF6-4D41-A885-414BA5C33BDA}.Debug|x64.Build.0 = Debug|Any CPU
		{BC1A2C89-3BF6-4D41-A885-414BA5C33BDA}.Debug|x86.ActiveCfg = Debug|Any CPU
		{BC1A2C89-3BF6-4D41-A885-414BA5C33BDA}.Debug|x86.Build.0 = Debug|Any CPU
		{BC1A2C89-3BF6-4D41-A885-414BA5C33BDA}.Release|Any CPU.ActiveCfg = Release|Any CPU
		{BC1A2C89-3BF6-4D41-A885-414BA5C33BDA}.Release|Any CPU.Build.0 = Release|Any CPU
		{BC1A2C89-3BF6-4D41-A885-414BA5C33BDA}.Release|x64.ActiveCfg = Release|Any CPU
		{BC1A2C89-3BF6-4D41-A885-414BA5C33BDA}.Release|x64.Build.0 = Release|Any CPU
		{BC1A2C89-3BF6-4D41-A885-414BA5C33BDA}.Release|x86.ActiveCfg = Release|Any CPU
		{BC1A2C89-3BF6-4D41-A885-414BA5C33BDA}.Release|x86.Build.0 = Release|Any CPU
		{D387076C-3911-4320-82D7-958A70295DA3}.Debug|Any CPU.ActiveCfg = Debug|Any CPU
		{D387076C-3911-4320-82D7-958A70295DA3}.Debug|Any CPU.Build.0 = Debug|Any CPU
		{D387076C-3911-4320-82D7-958A70295DA3}.Debug|x64.ActiveCfg = Debug|Any CPU
		{D387076C-3911-4320-82D7-958A70295DA3}.Debug|x64.Build.0 = Debug|Any CPU
		{D387076C-3911-4320-82D7-958A70295DA3}.Debug|x86.ActiveCfg = Debug|Any CPU
		{D387076C-3911-4320-82D7-958A70295DA3}.Debug|x86.Build.0 = Debug|Any CPU
		{D387076C-3911-4320-82D7-958A70295DA3}.Release|Any CPU.ActiveCfg = Release|Any CPU
		{D387076C-3911-4320-82D7-958A70295DA3}.Release|Any CPU.Build.0 = Release|Any CPU
		{D387076C-3911-4320-82D7-958A70295DA3}.Release|x64.ActiveCfg = Release|Any CPU
		{D387076C-3911-4320-82D7-958A70295DA3}.Release|x64.Build.0 = Release|Any CPU
		{D387076C-3911-4320-82D7-958A70295DA3}.Release|x86.ActiveCfg = Release|Any CPU
		{D387076C-3911-4320-82D7-958A70295DA3}.Release|x86.Build.0 = Release|Any CPU
		{27787982-CBAE-4A79-BB48-E12C5ECD189D}.Debug|Any CPU.ActiveCfg = Debug|Any CPU
		{27787982-CBAE-4A79-BB48-E12C5ECD189D}.Debug|Any CPU.Build.0 = Debug|Any CPU
		{27787982-CBAE-4A79-BB48-E12C5ECD189D}.Debug|x64.ActiveCfg = Debug|Any CPU
		{27787982-CBAE-4A79-BB48-E12C5ECD189D}.Debug|x64.Build.0 = Debug|Any CPU
		{27787982-CBAE-4A79-BB48-E12C5ECD189D}.Debug|x86.ActiveCfg = Debug|Any CPU
		{27787982-CBAE-4A79-BB48-E12C5ECD189D}.Debug|x86.Build.0 = Debug|Any CPU
		{27787982-CBAE-4A79-BB48-E12C5ECD189D}.Release|Any CPU.ActiveCfg = Release|Any CPU
		{27787982-CBAE-4A79-BB48-E12C5ECD189D}.Release|Any CPU.Build.0 = Release|Any CPU
		{27787982-CBAE-4A79-BB48-E12C5ECD189D}.Release|x64.ActiveCfg = Release|Any CPU
		{27787982-CBAE-4A79-BB48-E12C5ECD189D}.Release|x64.Build.0 = Release|Any CPU
		{27787982-CBAE-4A79-BB48-E12C5ECD189D}.Release|x86.ActiveCfg = Release|Any CPU
		{27787982-CBAE-4A79-BB48-E12C5ECD189D}.Release|x86.Build.0 = Release|Any CPU
	EndGlobalSection
	GlobalSection(SolutionProperties) = preSolution
		HideSolutionNode = FALSE
	EndGlobalSection
	GlobalSection(NestedProjects) = preSolution
		{D387076C-3911-4320-82D7-958A70295DA3} = {C3A61AED-283C-4D92-A681-4F863FA00608}
		{27787982-CBAE-4A79-BB48-E12C5ECD189D} = {C3A61AED-283C-4D92-A681-4F863FA00608}
	EndGlobalSection
EndGlobal
