
Microsoft Visual Studio Solution File, Format Version 12.00
# Visual Studio 14
VisualStudioVersion = 14.0.25420.1
MinimumVisualStudioVersion = 10.0.40219.1
Project("{8BB2217D-0F2D-49D1-97BC-3654ED321F3B}") = "StarWars.Api", "StarWars.Api\StarWars.Api.xproj", "{0183C877-D6B4-40EB-885D-A1C7A015D6BD}"
EndProject
Project("{8BB2217D-0F2D-49D1-97BC-3654ED321F3B}") = "StarWars.Core", "StarWars.Core\StarWars.Core.xproj", "{EA6D3CD1-EBC1-48CD-87B9-D99BA5B44DB3}"
EndProject
Project("{8BB2217D-0F2D-49D1-97BC-3654ED321F3B}") = "StarWars.Data", "StarWars.Data\StarWars.Data.xproj", "{BC1A2C89-3BF6-4D41-A885-414BA5C33BDA}"
EndProject
Global
	GlobalSection(SolutionConfigurationPlatforms) = preSolution
		Debug|Any CPU = Debug|Any CPU
		Release|Any CPU = Release|Any CPU
	EndGlobalSection
	GlobalSection(ProjectConfigurationPlatforms) = postSolution
		{0183C877-D6B4-40EB-885D-A1C7A015D6BD}.Debug|Any CPU.ActiveCfg = Debug|Any CPU
		{0183C877-D6B4-40EB-885D-A1C7A015D6BD}.Debug|Any CPU.Build.0 = Debug|Any CPU
		{0183C877-D6B4-40EB-885D-A1C7A015D6BD}.Release|Any CPU.ActiveCfg = Release|Any CPU
		{0183C877-D6B4-40EB-885D-A1C7A015D6BD}.Release|Any CPU.Build.0 = Release|Any CPU
		{EA6D3CD1-EBC1-48CD-87B9-D99BA5B44DB3}.Debug|Any CPU.ActiveCfg = Debug|Any CPU
		{EA6D3CD1-EBC1-48CD-87B9-D99BA5B44DB3}.Debug|Any CPU.Build.0 = Debug|Any CPU
		{EA6D3CD1-EBC1-48CD-87B9-D99BA5B44DB3}.Release|Any CPU.ActiveCfg = Release|Any CPU
		{EA6D3CD1-EBC1-48CD-87B9-D99BA5B44DB3}.Release|Any CPU.Build.0 = Release|Any CPU
		{BC1A2C89-3BF6-4D41-A885-414BA5C33BDA}.Debug|Any CPU.ActiveCfg = Debug|Any CPU
		{BC1A2C89-3BF6-4D41-A885-414BA5C33BDA}.Debug|Any CPU.Build.0 = Debug|Any CPU
		{BC1A2C89-3BF6-4D41-A885-414BA5C33BDA}.Release|Any CPU.ActiveCfg = Release|Any CPU
		{BC1A2C89-3BF6-4D41-A885-414BA5C33BDA}.Release|Any CPU.Build.0 = Release|Any CPU
	EndGlobalSection
	GlobalSection(SolutionProperties) = preSolution
		HideSolutionNode = FALSE
	EndGlobalSection
EndGlobal
